
Microsoft Visual Studio Solution File, Format Version 12.00
# Visual Studio Version 16
VisualStudioVersion = 16.0.31129.286
MinimumVisualStudioVersion = 10.0.40219.1
Project("{FAE04EC0-301F-11D3-BF4B-00C04F79EFBC}") = "LoginRegister", "LoginRegister\LoginRegister.csproj", "{2D9529DF-22CE-47CC-9741-4B706E488C33}"
EndProject
Global
	GlobalSection(SolutionConfigurationPlatforms) = preSolution
		Debug|Any CPU = Debug|Any CPU
		Release|Any CPU = Release|Any CPU
	EndGlobalSection
	GlobalSection(ProjectConfigurationPlatforms) = postSolution
		{2D9529DF-22CE-47CC-9741-4B706E488C33}.Debug|Any CPU.ActiveCfg = Debug|Any CPU
		{2D9529DF-22CE-47CC-9741-4B706E488C33}.Debug|Any CPU.Build.0 = Debug|Any CPU
		{2D9529DF-22CE-47CC-9741-4B706E488C33}.Release|Any CPU.ActiveCfg = Release|Any CPU
		{2D9529DF-22CE-47CC-9741-4B706E488C33}.Release|Any CPU.Build.0 = Release|Any CPU
	EndGlobalSection
	GlobalSection(SolutionProperties) = preSolution
		HideSolutionNode = FALSE
	EndGlobalSection
	GlobalSection(ExtensibilityGlobals) = postSolution
		SolutionGuid = {D940F928-5AB5-456F-90E6-C0C4E64CE799}
	EndGlobalSection
EndGlobal
